<?xml version="1.0" encoding="utf-8"?>
<Project ToolsVersion="4.0" xmlns="http://schemas.microsoft.com/developer/msbuild/2003">
  <ItemGroup>
    <Filter Include="Source Files">
      <UniqueIdentifier>{4FC737F1-C7A5-4376-A066-2A32D752A2FF}</UniqueIdentifier>
      <Extensions>cpp;c;cc;cxx;def;odl;idl;hpj;bat;asm;asmx</Extensions>
    </Filter>
    <Filter Include="Header Files">
      <UniqueIdentifier>{93995380-89BD-4b04-88EB-625FBE52EBFB}</UniqueIdentifier>
      <Extensions>h;hh;hpp;hxx;hm;inl;inc;ipp;xsd</Extensions>
    </Filter>
    <Filter Include="Resource Files">
      <UniqueIdentifier>{67DA6AB6-F800-4c08-8B7A-83BB121AAD01}</UniqueIdentifier>
      <Extensions>rc;ico;cur;bmp;dlg;rc2;rct;bin;rgs;gif;jpg;jpeg;jpe;resx;tiff;tif;png;wav;mfcribbon-ms</Extensions>
    </Filter>
  </ItemGroup>
  <ItemGroup>
    <ClInclude Include="extern.h">
      <Filter>Header Files</Filter>
    </ClInclude>
  </ItemGroup>
  <ItemGroup>
    <ClCompile Include="glad.c">
      <Filter>Source Files</Filter>
    </ClCompile>
    <ClCompile Include="main.cpp">
      <Filter>Source Files</Filter>
    </ClCompile>
    <ClCompile Include="stb_image.cpp">
      <Filter>Source Files</Filter>
    </ClCompile>
  </ItemGroup>
  <ItemGroup>
    <None Include="experimentalFinalfs.glsl">
      <Filter>Resource Files</Filter>
    </None>
    <None Include="experimentalfs.glsl">
      <Filter>Resource Files</Filter>
    </None>
    <None Include="experimentalvs.glsl">
      <Filter>Resource Files</Filter>
    </None>
    <None Include="1.glsl">
      <Filter>Resource Files</Filter>
    </None>
    <None Include="2.glsl">
      <Filter>Resource Files</Filter>
    </None>
    <None Include="3.glsl">
      <Filter>Resource Files</Filter>
    </None>
    <None Include="4.glsl">
      <Filter>Resource Files</Filter>
    </None>
    <None Include="5.glsl">
      <Filter>Resource Files</Filter>
    </None>
    <None Include="6.glsl">
      <Filter>Resource Files</Filter>
    </None>
    <None Include="7.glsl">
      <Filter>Resource Files</Filter>
    </None>
    <None Include="8.glsl">
      <Filter>Resource Files</Filter>
    </None>
    <None Include="9.glsl">
      <Filter>Resource Files</Filter>
    </None>
    <None Include="10.glsl">
      <Filter>Resource Files</Filter>
    </None>
    <None Include="11.glsl">
      <Filter>Resource Files</Filter>
    </None>
    <None Include="12.glsl">
      <Filter>Resource Files</Filter>
    </None>
    <None Include="13.glsl">
      <Filter>Resource Files</Filter>
    </None>
    <None Include="14.glsl">
      <Filter>Resource Files</Filter>
    </None>
    <None Include="15.glsl">
      <Filter>Resource Files</Filter>
    </None>
    <None Include="template.glsl">
      <Filter>Resource Files</Filter>
    </None>
    <None Include="16.glsl">
      <Filter>Resource Files</Filter>
    </None>
    <None Include="17.glsl">
      <Filter>Resource Files</Filter>
    </None>
    <None Include="18.glsl">
      <Filter>Resource Files</Filter>
    </None>
    <None Include="19.glsl">
      <Filter>Resource Files</Filter>
    </None>
    <None Include="20.glsl">
      <Filter>Resource Files</Filter>
    </None>
    <None Include="21.glsl">
      <Filter>Resource Files</Filter>
    </None>
    <None Include="22.glsl">
      <Filter>Resource Files</Filter>
    </None>
    <None Include="23.glsl">
      <Filter>Resource Files</Filter>
    </None>
    <None Include="24.glsl">
      <Filter>Resource Files</Filter>
    </None>
    <None Include="25.glsl">
      <Filter>Resource Files</Filter>
    </None>
    <None Include="26.glsl">
      <Filter>Resource Files</Filter>
    </None>
    <None Include="27.glsl">
      <Filter>Resource Files</Filter>
    </None>
    <None Include="28.glsl">
      <Filter>Resource Files</Filter>
    </None>
    <None Include="29.glsl">
      <Filter>Resource Files</Filter>
    </None>
    <None Include="30.glsl">
      <Filter>Resource Files</Filter>
    </None>
    <None Include="31.glsl">
      <Filter>Resource Files</Filter>
    </None>
    <None Include="32.glsl">
      <Filter>Resource Files</Filter>
    </None>
    <None Include="33.glsl">
      <Filter>Resource Files</Filter>
    </None>
    <None Include="34.glsl">
      <Filter>Resource Files</Filter>
    </None>
  </ItemGroup>
</Project>